
Microsoft Visual Studio Solution File, Format Version 12.00
# Visual Studio Version 16
VisualStudioVersion = 16.0.30011.22
MinimumVisualStudioVersion = 10.0.40219.1
Project("{FAE04EC0-301F-11D3-BF4B-00C04F79EFBC}") = "InstaBot", "InstaBot.csproj", "{F8D28363-DECC-4FD1-A4CA-5DC4A9B32B7B}"
EndProject
Global
	GlobalSection(SolutionConfigurationPlatforms) = preSolution
		Debug|Any CPU = Debug|Any CPU
		Release|Any CPU = Release|Any CPU
	EndGlobalSection
	GlobalSection(ProjectConfigurationPlatforms) = postSolution
		{F8D28363-DECC-4FD1-A4CA-5DC4A9B32B7B}.Debug|Any CPU.ActiveCfg = Debug|Any CPU
		{F8D28363-DECC-4FD1-A4CA-5DC4A9B32B7B}.Debug|Any CPU.Build.0 = Debug|Any CPU
		{F8D28363-DECC-4FD1-A4CA-5DC4A9B32B7B}.Release|Any CPU.ActiveCfg = Release|Any CPU
		{F8D28363-DECC-4FD1-A4CA-5DC4A9B32B7B}.Release|Any CPU.Build.0 = Release|Any CPU
	EndGlobalSection
	GlobalSection(SolutionProperties) = preSolution
		HideSolutionNode = FALSE
	EndGlobalSection
	GlobalSection(ExtensibilityGlobals) = postSolution
		SolutionGuid = {7A2B0000-7D2B-4B7C-8624-927627347142}
	EndGlobalSection
EndGlobal
